// !$*UTF8*$!
{
	archiveVersion = 1;
	classes = {
	};
	objectVersion = 50;
	objects = {

/* Begin PBXBuildFile section */
		19FE38D02460703A00A75222 /* AppDelegate.swift in Sources */ = {isa = PBXBuildFile; fileRef = 19FE38CF2460703A00A75222 /* AppDelegate.swift */; };
		19FE38D22460703A00A75222 /* SceneDelegate.swift in Sources */ = {isa = PBXBuildFile; fileRef = 19FE38D12460703A00A75222 /* SceneDelegate.swift */; };
		19FE38D42460703A00A75222 /* ViewController.swift in Sources */ = {isa = PBXBuildFile; fileRef = 19FE38D32460703A00A75222 /* ViewController.swift */; };
		19FE38D72460703A00A75222 /* Main.storyboard in Resources */ = {isa = PBXBuildFile; fileRef = 19FE38D52460703A00A75222 /* Main.storyboard */; };
		19FE38DA2460703A00A75222 /* PracticeDragDrop.xcdatamodeld in Sources */ = {isa = PBXBuildFile; fileRef = 19FE38D82460703A00A75222 /* PracticeDragDrop.xcdatamodeld */; };
		19FE38DC2460703F00A75222 /* Assets.xcassets in Resources */ = {isa = PBXBuildFile; fileRef = 19FE38DB2460703F00A75222 /* Assets.xcassets */; };
		19FE38DF2460703F00A75222 /* LaunchScreen.storyboard in Resources */ = {isa = PBXBuildFile; fileRef = 19FE38DD2460703F00A75222 /* LaunchScreen.storyboard */; };
/* End PBXBuildFile section */

/* Begin PBXFileReference section */
		19FE38CC2460703A00A75222 /* PracticeDragDrop.app */ = {isa = PBXFileReference; explicitFileType = wrapper.application; includeInIndex = 0; path = PracticeDragDrop.app; sourceTree = BUILT_PRODUCTS_DIR; };
		19FE38CF2460703A00A75222 /* AppDelegate.swift */ = {isa = PBXFileReference; lastKnownFileType = sourcecode.swift; path = AppDelegate.swift; sourceTree = "<group>"; };
		19FE38D12460703A00A75222 /* SceneDelegate.swift */ = {isa = PBXFileReference; lastKnownFileType = sourcecode.swift; path = SceneDelegate.swift; sourceTree = "<group>"; };
		19FE38D32460703A00A75222 /* ViewController.swift */ = {isa = PBXFileReference; lastKnownFileType = sourcecode.swift; path = ViewController.swift; sourceTree = "<group>"; };
		19FE38D62460703A00A75222 /* Base */ = {isa = PBXFileReference; lastKnownFileType = file.storyboard; name = Base; path = Base.lproj/Main.storyboard; sourceTree = "<group>"; };
		19FE38D92460703A00A75222 /* PracticeDragDrop.xcdatamodel */ = {isa = PBXFileReference; lastKnownFileType = wrapper.xcdatamodel; path = PracticeDragDrop.xcdatamodel; sourceTree = "<group>"; };
		19FE38DB2460703F00A75222 /* Assets.xcassets */ = {isa = PBXFileReference; lastKnownFileType = folder.assetcatalog; path = Assets.xcassets; sourceTree = "<group>"; };
		19FE38DE2460703F00A75222 /* Base */ = {isa = PBXFileReference; lastKnownFileType = file.storyboard; name = Base; path = Base.lproj/LaunchScreen.storyboard; sourceTree = "<group>"; };
		19FE38E02460703F00A75222 /* Info.plist */ = {isa = PBXFileReference; lastKnownFileType = text.plist.xml; path = Info.plist; sourceTree = "<group>"; };
/* End PBXFileReference section */

/* Begin PBXFrameworksBuildPhase section */
		19FE38C92460703A00A75222 /* Frameworks */ = {
			isa = PBXFrameworksBuildPhase;
			buildActionMask = 2147483647;
			files = (
			);
			runOnlyForDeploymentPostprocessing = 0;
		};
/* End PBXFrameworksBuildPhase section */

/* Begin PBXGroup section */
		19FE38C32460703A00A75222 = {
			isa = PBXGroup;
			children = (
				19FE38CE2460703A00A75222 /* PracticeDragDrop */,
				19FE38CD2460703A00A75222 /* Products */,
			);
			sourceTree = "<group>";
		};
		19FE38CD2460703A00A75222 /* Products */ = {
			isa = PBXGroup;
			children = (
				19FE38CC2460703A00A75222 /* PracticeDragDrop.app */,
			);
			name = Products;
			sourceTree = "<group>";
		};
		19FE38CE2460703A00A75222 /* PracticeDragDrop */ = {
			isa = PBXGroup;
			children = (
				19FE38CF2460703A00A75222 /* AppDelegate.swift */,
				19FE38D12460703A00A75222 /* SceneDelegate.swift */,
				19FE38D32460703A00A75222 /* ViewController.swift */,
				19FE38D52460703A00A75222 /* Main.storyboard */,
				19FE38DB2460703F00A75222 /* Assets.xcassets */,
				19FE38DD2460703F00A75222 /* LaunchScreen.storyboard */,
				19FE38E02460703F00A75222 /* Info.plist */,
				19FE38D82460703A00A75222 /* PracticeDragDrop.xcdatamodeld */,
			);
			path = PracticeDragDrop;
			sourceTree = "<group>";
		};
/* End PBXGroup section */

/* Begin PBXNativeTarget section */
		19FE38CB2460703A00A75222 /* PracticeDragDrop */ = {
			isa = PBXNativeTarget;
			buildConfigurationList = 19FE38E32460703F00A75222 /* Build configuration list for PBXNativeTarget "PracticeDragDrop" */;
			buildPhases = (
				19FE38C82460703A00A75222 /* Sources */,
				19FE38C92460703A00A75222 /* Frameworks */,
				19FE38CA2460703A00A75222 /* Resources */,
			);
			buildRules = (
			);
			dependencies = (
			);
			name = PracticeDragDrop;
			productName = PracticeDragDrop;
			productReference = 19FE38CC2460703A00A75222 /* PracticeDragDrop.app */;
			productType = "com.apple.product-type.application";
		};
/* End PBXNativeTarget section */

/* Begin PBXProject section */
		19FE38C42460703A00A75222 /* Project object */ = {
			isa = PBXProject;
			attributes = {
				LastSwiftUpdateCheck = 1140;
				LastUpgradeCheck = 1140;
				ORGANIZATIONNAME = "Hassan Abbasi";
				TargetAttributes = {
					19FE38CB2460703A00A75222 = {
						CreatedOnToolsVersion = 11.4.1;
					};
				};
			};
			buildConfigurationList = 19FE38C72460703A00A75222 /* Build configuration list for PBXProject "PracticeDragDrop" */;
			compatibilityVersion = "Xcode 9.3";
			developmentRegion = en;
			hasScannedForEncodings = 0;
			knownRegions = (
				en,
				Base,
			);
			mainGroup = 19FE38C32460703A00A75222;
			productRefGroup = 19FE38CD2460703A00A75222 /* Products */;
			projectDirPath = "";
			projectRoot = "";
			targets = (
				19FE38CB2460703A00A75222 /* PracticeDragDrop */,
			);
		};
/* End PBXProject section */

/* Begin PBXResourcesBuildPhase section */
		19FE38CA2460703A00A75222 /* Resources */ = {
			isa = PBXResourcesBuildPhase;
			buildActionMask = 2147483647;
			files = (
				19FE38DF2460703F00A75222 /* LaunchScreen.storyboard in Resources */,
				19FE38DC2460703F00A75222 /* Assets.xcassets in Resources */,
				19FE38D72460703A00A75222 /* Main.storyboard in Resources */,
			);
			runOnlyForDeploymentPostprocessing = 0;
		};
/* End PBXResourcesBuildPhase section */

/* Begin PBXSourcesBuildPhase section */
		19FE38C82460703A00A75222 /* Sources */ = {
			isa = PBXSourcesBuildPhase;
			buildActionMask = 2147483647;
			files = (
				19FE38D42460703A00A75222 /* ViewController.swift in Sources */,
				19FE38D02460703A00A75222 /* AppDelegate.swift in Sources */,
				19FE38D22460703A00A75222 /* SceneDelegate.swift in Sources */,
				19FE38DA2460703A00A75222 /* PracticeDragDrop.xcdatamodeld in Sources */,
			);
			runOnlyForDeploymentPostprocessing = 0;
		};
/* End PBXSourcesBuildPhase section */

/* Begin PBXVariantGroup section */
		19FE38D52460703A00A75222 /* Main.storyboard */ = {
			isa = PBXVariantGroup;
			children = (
				19FE38D62460703A00A75222 /* Base */,
			);
			name = Main.storyboard;
			sourceTree = "<group>";
		};
		19FE38DD2460703F00A75222 /* LaunchScreen.storyboard */ = {
			isa = PBXVariantGroup;
			children = (
				19FE38DE2460703F00A75222 /* Base */,
			);
			name = LaunchScreen.storyboard;
			sourceTree = "<group>";
		};
/* End PBXVariantGroup section */

/* Begin XCBuildConfiguration section */
		19FE38E12460703F00A75222 /* Debug */ = {
			isa = XCBuildConfiguration;
			buildSettings = {
				ALWAYS_SEARCH_USER_PATHS = NO;
				CLANG_ANALYZER_NONNULL = YES;
				CLANG_ANALYZER_NUMBER_OBJECT_CONVERSION = YES_AGGRESSIVE;
				CLANG_CXX_LANGUAGE_STANDARD = "gnu++14";
				CLANG_CXX_LIBRARY = "libc++";
				CLANG_ENABLE_MODULES = YES;
				CLANG_ENABLE_OBJC_ARC = YES;
				CLANG_ENABLE_OBJC_WEAK = YES;
				CLANG_WARN_BLOCK_CAPTURE_AUTORELEASING = YES;
				CLANG_WARN_BOOL_CONVERSION = YES;
				CLANG_WARN_COMMA = YES;
				CLANG_WARN_CONSTANT_CONVERSION = YES;
				CLANG_WARN_DEPRECATED_OBJC_IMPLEMENTATIONS = YES;
				CLANG_WARN_DIRECT_OBJC_ISA_USAGE = YES_ERROR;
				CLANG_WARN_DOCUMENTATION_COMMENTS = YES;
				CLANG_WARN_EMPTY_BODY = YES;
				CLANG_WARN_ENUM_CONVERSION = YES;
				CLANG_WARN_INFINITE_RECURSION = YES;
				CLANG_WARN_INT_CONVERSION = YES;
				CLANG_WARN_NON_LITERAL_NULL_CONVERSION = YES;
				CLANG_WARN_OBJC_IMPLICIT_RETAIN_SELF = YES;
				CLANG_WARN_OBJC_LITERAL_CONVERSION = YES;
				CLANG_WARN_OBJC_ROOT_CLASS = YES_ERROR;
				CLANG_WARN_RANGE_LOOP_ANALYSIS = YES;
				CLANG_WARN_STRICT_PROTOTYPES = YES;
				CLANG_WARN_SUSPICIOUS_MOVE = YES;
				CLANG_WARN_UNGUARDED_AVAILABILITY = YES_AGGRESSIVE;
				CLANG_WARN_UNREACHABLE_CODE = YES;
				CLANG_WARN__DUPLICATE_METHOD_MATCH = YES;
				COPY_PHASE_STRIP = NO;
				DEBUG_INFORMATION_FORMAT = dwarf;
				ENABLE_STRICT_OBJC_MSGSEND = YES;
				ENABLE_TESTABILITY = YES;
				GCC_C_LANGUAGE_STANDARD = gnu11;
				GCC_DYNAMIC_NO_PIC = NO;
				GCC_NO_COMMON_BLOCKS = YES;
				GCC_OPTIMIZATION_LEVEL = 0;
				GCC_PREPROCESSOR_DEFINITIONS = (
					"DEBUG=1",
					"$(inherited)",
				);
				GCC_WARN_64_TO_32_BIT_CONVERSION = YES;
				GCC_WARN_ABOUT_RETURN_TYPE = YES_ERROR;
				GCC_WARN_UNDECLARED_SELECTOR = YES;
				GCC_WARN_UNINITIALIZED_AUTOS = YES_AGGRESSIVE;
				GCC_WARN_UNUSED_FUNCTION = YES;
				GCC_WARN_UNUSED_VARIABLE = YES;
				IPHONEOS_DEPLOYMENT_TARGET = 13.4;
				MTL_ENABLE_DEBUG_INFO = INCLUDE_SOURCE;
				MTL_FAST_MATH = YES;
				ONLY_ACTIVE_ARCH = YES;
				SDKROOT = iphoneos;
				SWIFT_ACTIVE_COMPILATION_CONDITIONS = DEBUG;
				SWIFT_OPTIMIZATION_LEVEL = "-Onone";
			};
			name = Debug;
		};
		19FE38E22460703F00A75222 /* Release */ = {
			isa = XCBuildConfiguration;
			buildSettings = {
				ALWAYS_SEARCH_USER_PATHS = NO;
				CLANG_ANALYZER_NONNULL = YES;
				CLANG_ANALYZER_NUMBER_OBJECT_CONVERSION = YES_AGGRESSIVE;
				CLANG_CXX_LANGUAGE_STANDARD = "gnu++14";
				CLANG_CXX_LIBRARY = "libc++";
				CLANG_ENABLE_MODULES = YES;
				CLANG_ENABLE_OBJC_ARC = YES;
				CLANG_ENABLE_OBJC_WEAK = YES;
				CLANG_WARN_BLOCK_CAPTURE_AUTORELEASING = YES;
				CLANG_WARN_BOOL_CONVERSION = YES;
				CLANG_WARN_COMMA = YES;
				CLANG_WARN_CONSTANT_CONVERSION = YES;
				CLANG_WARN_DEPRECATED_OBJC_IMPLEMENTATIONS = YES;
				CLANG_WARN_DIRECT_OBJC_ISA_USAGE = YES_ERROR;
				CLANG_WARN_DOCUMENTATION_COMMENTS = YES;
				CLANG_WARN_EMPTY_BODY = YES;
				CLANG_WARN_ENUM_CONVERSION = YES;
				CLANG_WARN_INFINITE_RECURSION = YES;
				CLANG_WARN_INT_CONVERSION = YES;
				CLANG_WARN_NON_LITERAL_NULL_CONVERSION = YES;
				CLANG_WARN_OBJC_IMPLICIT_RETAIN_SELF = YES;
				CLANG_WARN_OBJC_LITERAL_CONVERSION = YES;
				CLANG_WARN_OBJC_ROOT_CLASS = YES_ERROR;
				CLANG_WARN_RANGE_LOOP_ANALYSIS = YES;
				CLANG_WARN_STRICT_PROTOTYPES = YES;
				CLANG_WARN_SUSPICIOUS_MOVE = YES;
				CLANG_WARN_UNGUARDED_AVAILABILITY = YES_AGGRESSIVE;
				CLANG_WARN_UNREACHABLE_CODE = YES;
				CLANG_WARN__DUPLICATE_METHOD_MATCH = YES;
				COPY_PHASE_STRIP = NO;
				DEBUG_INFORMATION_FORMAT = "dwarf-with-dsym";
				ENABLE_NS_ASSERTIONS = NO;
				ENABLE_STRICT_OBJC_MSGSEND = YES;
				GCC_C_LANGUAGE_STANDARD = gnu11;
				GCC_NO_COMMON_BLOCKS = YES;
				GCC_WARN_64_TO_32_BIT_CONVERSION = YES;
				GCC_WARN_ABOUT_RETURN_TYPE = YES_ERROR;
				GCC_WARN_UNDECLARED_SELECTOR = YES;
				GCC_WARN_UNINITIALIZED_AUTOS = YES_AGGRESSIVE;
				GCC_WARN_UNUSED_FUNCTION = YES;
				GCC_WARN_UNUSED_VARIABLE = YES;
				IPHONEOS_DEPLOYMENT_TARGET = 13.4;
				MTL_ENABLE_DEBUG_INFO = NO;
				MTL_FAST_MATH = YES;
				SDKROOT = iphoneos;
				SWIFT_COMPILATION_MODE = wholemodule;
				SWIFT_OPTIMIZATION_LEVEL = "-O";
				VALIDATE_PRODUCT = YES;
			};
			name = Release;
		};
		19FE38E42460703F00A75222 /* Debug */ = {
			isa = XCBuildConfiguration;
			buildSettings = {
				ASSETCATALOG_COMPILER_APPICON_NAME = AppIcon;
				CODE_SIGN_STYLE = Automatic;
				DEVELOPMENT_TEAM = 8U8ABLMRK4;
				INFOPLIST_FILE = PracticeDragDrop/Info.plist;
				LD_RUNPATH_SEARCH_PATHS = (
					"$(inherited)",
					"@executable_path/Frameworks",
				);
				PRODUCT_BUNDLE_IDENTIFIER = com.roveapps.PracticeDragDrop;
				PRODUCT_NAME = "$(TARGET_NAME)";
				SWIFT_VERSION = 5.0;
				TARGETED_DEVICE_FAMILY = "1,2";
			};
			name = Debug;
		};
		19FE38E52460703F00A75222 /* Release */ = {
			isa = XCBuildConfiguration;
			buildSettings = {
				ASSETCATALOG_COMPILER_APPICON_NAME = AppIcon;
				CODE_SIGN_STYLE = Automatic;
				DEVELOPMENT_TEAM = 8U8ABLMRK4;
				INFOPLIST_FILE = PracticeDragDrop/Info.plist;
				LD_RUNPATH_SEARCH_PATHS = (
					"$(inherited)",
					"@executable_path/Frameworks",
				);
				PRODUCT_BUNDLE_IDENTIFIER = com.roveapps.PracticeDragDrop;
				PRODUCT_NAME = "$(TARGET_NAME)";
				SWIFT_VERSION = 5.0;
				TARGETED_DEVICE_FAMILY = "1,2";
			};
			name = Release;
		};
/* End XCBuildConfiguration section */

/* Begin XCConfigurationList section */
		19FE38C72460703A00A75222 /* Build configuration list for PBXProject "PracticeDragDrop" */ = {
			isa = XCConfigurationList;
			buildConfigurations = (
				19FE38E12460703F00A75222 /* Debug */,
				19FE38E22460703F00A75222 /* Release */,
			);
			defaultConfigurationIsVisible = 0;
			defaultConfigurationName = Release;
		};
		19FE38E32460703F00A75222 /* Build configuration list for PBXNativeTarget "PracticeDragDrop" */ = {
			isa = XCConfigurationList;
			buildConfigurations = (
				19FE38E42460703F00A75222 /* Debug */,
				19FE38E52460703F00A75222 /* Release */,
			);
			defaultConfigurationIsVisible = 0;
			defaultConfigurationName = Release;
		};
/* End XCConfigurationList section */

/* Begin XCVersionGroup section */
		19FE38D82460703A00A75222 /* PracticeDragDrop.xcdatamodeld */ = {
			isa = XCVersionGroup;
			children = (
				19FE38D92460703A00A75222 /* PracticeDragDrop.xcdatamodel */,
			);
			currentVersion = 19FE38D92460703A00A75222 /* PracticeDragDrop.xcdatamodel */;
			path = PracticeDragDrop.xcdatamodeld;
			sourceTree = "<group>";
			versionGroupType = wrapper.xcdatamodel;
		};
/* End XCVersionGroup section */
	};
	rootObject = 19FE38C42460703A00A75222 /* Project object */;
}
